<?xml version="1.0" encoding="utf-8"?>
<Project ToolsVersion="4.0" xmlns="http://schemas.microsoft.com/developer/msbuild/2003">
  <ItemGroup>
    <Filter Include="Coral">
      <UniqueIdentifier>{552a6ef0-f1dd-4e8e-acc3-6159ae8cfd2b}</UniqueIdentifier>
    </Filter>
    <Filter Include="Coral\Math">
      <UniqueIdentifier>{a7e2633e-982b-4d3c-94e1-c589247855ad}</UniqueIdentifier>
    </Filter>
    <Filter Include="Coral\Renderable">
      <UniqueIdentifier>{50484395-6c63-42ff-9227-2689ceedb244}</UniqueIdentifier>
    </Filter>
    <Filter Include="Coral\Lua">
      <UniqueIdentifier>{9bac67f8-0865-4a36-9351-3b1be0747c02}</UniqueIdentifier>
    </Filter>
    <Filter Include="Bloodworks">
      <UniqueIdentifier>{e0b470c8-0387-4bfd-80ca-81fe66917caa}</UniqueIdentifier>
    </Filter>
    <Filter Include="Coral\dirent">
      <UniqueIdentifier>{e09093c5-13a3-457b-a2f1-b0dd5a26c8c8}</UniqueIdentifier>
    </Filter>
    <Filter Include="Coral\StackWalker">
      <UniqueIdentifier>{2c8966e1-e8ec-40f3-b672-e654df732611}</UniqueIdentifier>
    </Filter>
  </ItemGroup>
  <ItemGroup>
    <ClCompile Include="cMat.cpp">
      <Filter>Coral\Math</Filter>
    </ClCompile>
    <ClCompile Include="cGame.cpp">
      <Filter>Coral</Filter>
    </ClCompile>
    <ClCompile Include="cGlobals.cpp">
      <Filter>Coral</Filter>
    </ClCompile>
    <ClCompile Include="cInput.cpp">
      <Filter>Coral</Filter>
    </ClCompile>
    <ClCompile Include="Coral.cpp">
      <Filter>Coral</Filter>
    </ClCompile>
    <ClCompile Include="cTime.cpp">
      <Filter>Coral</Filter>
    </ClCompile>
    <ClCompile Include="cTools.cpp">
      <Filter>Coral</Filter>
    </ClCompile>
    <ClCompile Include="main.cpp">
      <Filter>Coral</Filter>
    </ClCompile>
    <ClCompile Include="Bloodworks.cpp">
      <Filter>Bloodworks</Filter>
    </ClCompile>
    <ClCompile Include="cRenderable.cpp">
      <Filter>Coral\Renderable</Filter>
    </ClCompile>
    <ClCompile Include="Player.cpp">
      <Filter>Bloodworks</Filter>
    </ClCompile>
    <ClCompile Include="Monster.cpp">
      <Filter>Bloodworks</Filter>
    </ClCompile>
    <ClCompile Include="cResources.cpp">
      <Filter>Coral</Filter>
    </ClCompile>
    <ClCompile Include="cDebugRenderable.cpp">
      <Filter>Coral\Renderable</Filter>
    </ClCompile>
    <ClCompile Include="cFont.cpp">
      <Filter>Coral\Renderable</Filter>
    </ClCompile>
    <ClCompile Include="cAnimatedRenderable.cpp">
      <Filter>Coral\Renderable</Filter>
    </ClCompile>
    <ClCompile Include="cLuaWorld.cpp">
      <Filter>Coral\Lua</Filter>
    </ClCompile>
    <ClCompile Include="MonsterController.cpp">
      <Filter>Bloodworks</Filter>
    </ClCompile>
    <ClCompile Include="Bullet.cpp">
      <Filter>Bloodworks</Filter>
    </ClCompile>
    <ClCompile Include="BulletController.cpp">
      <Filter>Bloodworks</Filter>
    </ClCompile>
    <ClCompile Include="Gun.cpp">
      <Filter>Bloodworks</Filter>
    </ClCompile>
    <ClCompile Include="MissionController.cpp">
      <Filter>Bloodworks</Filter>
    </ClCompile>
    <ClCompile Include="BloodRenderable.cpp">
      <Filter>Bloodworks</Filter>
    </ClCompile>
    <ClCompile Include="Bonus.cpp">
      <Filter>Bloodworks</Filter>
    </ClCompile>
    <ClCompile Include="GameObject.cpp">
      <Filter>Bloodworks</Filter>
    </ClCompile>
    <ClCompile Include="LevelUpPopup.cpp">
      <Filter>Bloodworks</Filter>
    </ClCompile>
    <ClCompile Include="ExplosionController.cpp">
      <Filter>Bloodworks</Filter>
    </ClCompile>
    <ClCompile Include="DropController.cpp">
      <Filter>Bloodworks</Filter>
    </ClCompile>
    <ClCompile Include="BloodworksLuaWorld.cpp">
      <Filter>Bloodworks</Filter>
    </ClCompile>
    <ClCompile Include="LaserRenderable.cpp">
      <Filter>Bloodworks</Filter>
    </ClCompile>
    <ClCompile Include="MainMenu.cpp">
      <Filter>Bloodworks</Filter>
    </ClCompile>
    <ClCompile Include="cButton.cpp">
      <Filter>Coral\Renderable</Filter>
    </ClCompile>
    <ClCompile Include="Perk.cpp">
      <Filter>Bloodworks</Filter>
    </ClCompile>
    <ClCompile Include="cSoundManager.cpp">
      <Filter>Coral</Filter>
    </ClCompile>
    <ClCompile Include="StackWalker.cpp">
      <Filter>Coral\StackWalker</Filter>
    </ClCompile>
    <ClCompile Include="cTickBox.cpp">
      <Filter>Coral\Renderable</Filter>
    </ClCompile>
    <ClCompile Include="cSlider.cpp">
      <Filter>Coral\Renderable</Filter>
    </ClCompile>
    <ClCompile Include="OptionsPopup.cpp">
      <Filter>Bloodworks</Filter>
    </ClCompile>
    <ClCompile Include="cPersistent.cpp">
      <Filter>Coral</Filter>
    </ClCompile>
    <ClCompile Include="KeyMapper.cpp">
      <Filter>Coral</Filter>
    </ClCompile>
    <ClCompile Include="BloodworksControls.cpp">
      <Filter>Bloodworks</Filter>
    </ClCompile>
    <ClCompile Include="cKeyMapButton.cpp">
      <Filter>Coral\Renderable</Filter>
    </ClCompile>
    <ClCompile Include="cMath.cpp">
      <Filter>Coral\Math</Filter>
    </ClCompile>
    <ClCompile Include="cScrollContainer.cpp">
      <Filter>Coral\Renderable</Filter>
    </ClCompile>
    <ClCompile Include="cRenderableContainer.cpp">
      <Filter>Coral\Renderable</Filter>
    </ClCompile>
    <ClCompile Include="cRenderableWithShader.cpp">
      <Filter>Coral\Renderable</Filter>
    </ClCompile>
    <ClCompile Include="cTexturedQuadRenderable.cpp">
      <Filter>Coral\Renderable</Filter>
    </ClCompile>
    <ClCompile Include="cTextRenderable.cpp">
      <Filter>Coral\Renderable</Filter>
    </ClCompile>
    <ClCompile Include="MonsterTemplate.cpp">
      <Filter>Bloodworks</Filter>
    </ClCompile>
    <ClCompile Include="OneShotSoundManager.cpp">
      <Filter>Bloodworks</Filter>
    </ClCompile>
    <ClCompile Include="cParticle.cpp">
      <Filter>Coral\Renderable</Filter>
    </ClCompile>
    <ClCompile Include="cPostProcess.cpp">
      <Filter>Coral\Renderable</Filter>
    </ClCompile>
  </ItemGroup>
  <ItemGroup>
    <ClInclude Include="cVec.h">
      <Filter>Coral\Math</Filter>
    </ClInclude>
    <ClInclude Include="cVecImp.h">
      <Filter>Coral\Math</Filter>
    </ClInclude>
    <ClInclude Include="cMat.h">
      <Filter>Coral\Math</Filter>
    </ClInclude>
    <ClInclude Include="cGame.h">
      <Filter>Coral</Filter>
    </ClInclude>
    <ClInclude Include="cGlobals.h">
      <Filter>Coral</Filter>
    </ClInclude>
    <ClInclude Include="cInput.h">
      <Filter>Coral</Filter>
    </ClInclude>
    <ClInclude Include="Coral.h">
      <Filter>Coral</Filter>
    </ClInclude>
    <ClInclude Include="cTime.h">
      <Filter>Coral</Filter>
    </ClInclude>
    <ClInclude Include="cTools.h">
      <Filter>Coral</Filter>
    </ClInclude>
    <ClInclude Include="cShader.h">
      <Filter>Coral</Filter>
    </ClInclude>
    <ClInclude Include="cTexture.h">
      <Filter>Coral</Filter>
    </ClInclude>
    <ClInclude Include="cResources.h">
      <Filter>Coral</Filter>
    </ClInclude>
    <ClInclude Include="cSharedPtr.h">
      <Filter>Coral</Filter>
    </ClInclude>
    <ClInclude Include="Bloodworks.h">
      <Filter>Bloodworks</Filter>
    </ClInclude>
    <ClInclude Include="cRenderable.h">
      <Filter>Coral\Renderable</Filter>
    </ClInclude>
    <ClInclude Include="Player.h">
      <Filter>Bloodworks</Filter>
    </ClInclude>
    <ClInclude Include="cAnimatedRenderable.h">
      <Filter>Coral\Renderable</Filter>
    </ClInclude>
    <ClInclude Include="Monster.h">
      <Filter>Bloodworks</Filter>
    </ClInclude>
    <ClInclude Include="cFont.h">
      <Filter>Coral\Renderable</Filter>
    </ClInclude>
    <ClInclude Include="cDebugRenderable.h">
      <Filter>Coral\Renderable</Filter>
    </ClInclude>
    <ClInclude Include="cLuaWorld.h">
      <Filter>Coral\Lua</Filter>
    </ClInclude>
    <ClInclude Include="Sol.h">
      <Filter>Coral\Lua</Filter>
    </ClInclude>
    <ClInclude Include="json.h">
      <Filter>Coral</Filter>
    </ClInclude>
    <ClInclude Include="MonsterController.h">
      <Filter>Bloodworks</Filter>
    </ClInclude>
    <ClInclude Include="cGrid.h">
      <Filter>Coral</Filter>
    </ClInclude>
    <ClInclude Include="Array2d.h">
      <Filter>Coral</Filter>
    </ClInclude>
    <ClInclude Include="Bullet.h">
      <Filter>Bloodworks</Filter>
    </ClInclude>
    <ClInclude Include="Gun.h">
      <Filter>Bloodworks</Filter>
    </ClInclude>
    <ClInclude Include="BulletController.h">
      <Filter>Bloodworks</Filter>
    </ClInclude>
    <ClInclude Include="cPriorityVector.h">
      <Filter>Coral</Filter>
    </ClInclude>
    <ClInclude Include="MissionController.h">
      <Filter>Bloodworks</Filter>
    </ClInclude>
    <ClInclude Include="MonsterTemplate.h">
      <Filter>Bloodworks</Filter>
    </ClInclude>
    <ClInclude Include="BloodRenderable.h">
      <Filter>Bloodworks</Filter>
    </ClInclude>
    <ClInclude Include="Bonus.h">
      <Filter>Bloodworks</Filter>
    </ClInclude>
    <ClInclude Include="GameObject.h">
      <Filter>Bloodworks</Filter>
    </ClInclude>
    <ClInclude Include="Perk.h">
      <Filter>Bloodworks</Filter>
    </ClInclude>
    <ClInclude Include="LevelUpPopup.h">
      <Filter>Bloodworks</Filter>
    </ClInclude>
    <ClInclude Include="ExplosionController.h">
      <Filter>Bloodworks</Filter>
    </ClInclude>
    <ClInclude Include="DropController.h">
      <Filter>Bloodworks</Filter>
    </ClInclude>
    <ClInclude Include="BloodworksLuaWorld.h">
      <Filter>Bloodworks</Filter>
    </ClInclude>
    <ClInclude Include="dirent.h">
      <Filter>Coral\dirent</Filter>
    </ClInclude>
    <ClInclude Include="DirentHelper.h">
      <Filter>Coral\dirent</Filter>
    </ClInclude>
    <ClInclude Include="LaserRenderable.h">
      <Filter>Bloodworks</Filter>
    </ClInclude>
    <ClInclude Include="cMath.h">
      <Filter>Coral\Math</Filter>
    </ClInclude>
    <ClInclude Include="cButton.h">
      <Filter>Coral\Renderable</Filter>
    </ClInclude>
    <ClInclude Include="MainMenu.h">
      <Filter>Bloodworks</Filter>
    </ClInclude>
    <ClInclude Include="cSoundManager.h">
      <Filter>Coral</Filter>
    </ClInclude>
    <ClInclude Include="cSound.h">
      <Filter>Coral</Filter>
    </ClInclude>
    <ClInclude Include="OneShotSoundManager.h">
      <Filter>Bloodworks</Filter>
    </ClInclude>
    <ClInclude Include="BuffFloat.h">
      <Filter>Bloodworks</Filter>
    </ClInclude>
    <ClInclude Include="LuaBuffController.h">
      <Filter>Bloodworks</Filter>
    </ClInclude>
    <ClInclude Include="StackWalker.h">
      <Filter>Coral\StackWalker</Filter>
    </ClInclude>
    <ClInclude Include="cTickBox.h">
      <Filter>Coral\Renderable</Filter>
    </ClInclude>
    <ClInclude Include="cSlider.h">
      <Filter>Coral\Renderable</Filter>
    </ClInclude>
    <ClInclude Include="OptionsPopup.h">
      <Filter>Bloodworks</Filter>
    </ClInclude>
    <ClInclude Include="cPersistent.h">
      <Filter>Coral</Filter>
    </ClInclude>
    <ClInclude Include="KeyMapper.h">
      <Filter>Coral</Filter>
    </ClInclude>
    <ClInclude Include="BloodworksControls.h">
      <Filter>Bloodworks</Filter>
    </ClInclude>
    <ClInclude Include="cKeyMapButton.h">
      <Filter>Coral\Renderable</Filter>
    </ClInclude>
    <ClInclude Include="cRect.h">
      <Filter>Coral\Math</Filter>
    </ClInclude>
    <ClInclude Include="cScrollContainer.h">
      <Filter>Coral\Renderable</Filter>
    </ClInclude>
    <ClInclude Include="cRenderableContainer.h">
      <Filter>Coral\Renderable</Filter>
    </ClInclude>
    <ClInclude Include="cRenderableWithShader.h">
      <Filter>Coral\Renderable</Filter>
    </ClInclude>
    <ClInclude Include="cTexturedQuadRenderable.h">
      <Filter>Coral\Renderable</Filter>
    </ClInclude>
    <ClInclude Include="cTextRenderable.h">
      <Filter>Coral\Renderable</Filter>
    </ClInclude>
    <ClInclude Include="cParticle.h">
      <Filter>Coral\Renderable</Filter>
    </ClInclude>
    <ClInclude Include="cPostProcess.h">
      <Filter>Coral\Renderable</Filter>
    </ClInclude>
  </ItemGroup>
</Project>