<?xml version="1.0" encoding="utf-8"?>
<Project ToolsVersion="4.0" xmlns="http://schemas.microsoft.com/developer/msbuild/2003">
  <ItemGroup>
    <Filter Include="Coral">
      <UniqueIdentifier>{552a6ef0-f1dd-4e8e-acc3-6159ae8cfd2b}</UniqueIdentifier>
    </Filter>
    <Filter Include="Coral\Math">
      <UniqueIdentifier>{a7e2633e-982b-4d3c-94e1-c589247855ad}</UniqueIdentifier>
    </Filter>
    <Filter Include="Coral\Renderable">
      <UniqueIdentifier>{50484395-6c63-42ff-9227-2689ceedb244}</UniqueIdentifier>
    </Filter>
    <Filter Include="Coral\Lua">
      <UniqueIdentifier>{9bac67f8-0865-4a36-9351-3b1be0747c02}</UniqueIdentifier>
    </Filter>
    <Filter Include="Bloodworks">
      <UniqueIdentifier>{e0b470c8-0387-4bfd-80ca-81fe66917caa}</UniqueIdentifier>
    </Filter>
    <Filter Include="Coral\dirent">
      <UniqueIdentifier>{e09093c5-13a3-457b-a2f1-b0dd5a26c8c8}</UniqueIdentifier>
    </Filter>
    <Filter Include="Coral\StackWalker">
      <UniqueIdentifier>{2c8966e1-e8ec-40f3-b672-e654df732611}</UniqueIdentifier>
    </Filter>
    <Filter Include="Coral\Math\shapes">
      <UniqueIdentifier>{f7ee0061-2630-45d2-9253-aa40d1293bcb}</UniqueIdentifier>
    </Filter>
  </ItemGroup>
  <ItemGroup>
    <ClCompile Include="source\cMat.cpp">
      <Filter>Coral\Math</Filter>
    </ClCompile>
    <ClCompile Include="source\cGame.cpp">
      <Filter>Coral</Filter>
    </ClCompile>
    <ClCompile Include="source\cGlobals.cpp">
      <Filter>Coral</Filter>
    </ClCompile>
    <ClCompile Include="source\cInput.cpp">
      <Filter>Coral</Filter>
    </ClCompile>
    <ClCompile Include="source\Coral.cpp">
      <Filter>Coral</Filter>
    </ClCompile>
    <ClCompile Include="source\cTime.cpp">
      <Filter>Coral</Filter>
    </ClCompile>
    <ClCompile Include="source\cTools.cpp">
      <Filter>Coral</Filter>
    </ClCompile>
    <ClCompile Include="source\main.cpp">
      <Filter>Coral</Filter>
    </ClCompile>
    <ClCompile Include="source\Bloodworks.cpp">
      <Filter>Bloodworks</Filter>
    </ClCompile>
    <ClCompile Include="source\cRenderable.cpp">
      <Filter>Coral\Renderable</Filter>
    </ClCompile>
    <ClCompile Include="source\Player.cpp">
      <Filter>Bloodworks</Filter>
    </ClCompile>
    <ClCompile Include="source\Monster.cpp">
      <Filter>Bloodworks</Filter>
    </ClCompile>
    <ClCompile Include="source\cResources.cpp">
      <Filter>Coral</Filter>
    </ClCompile>
    <ClCompile Include="source\cDebugRenderable.cpp">
      <Filter>Coral\Renderable</Filter>
    </ClCompile>
    <ClCompile Include="source\cFont.cpp">
      <Filter>Coral\Renderable</Filter>
    </ClCompile>
    <ClCompile Include="source\cAnimatedRenderable.cpp">
      <Filter>Coral\Renderable</Filter>
    </ClCompile>
    <ClCompile Include="source\cLuaWorld.cpp">
      <Filter>Coral\Lua</Filter>
    </ClCompile>
    <ClCompile Include="source\MonsterController.cpp">
      <Filter>Bloodworks</Filter>
    </ClCompile>
    <ClCompile Include="source\Bullet.cpp">
      <Filter>Bloodworks</Filter>
    </ClCompile>
    <ClCompile Include="source\BulletController.cpp">
      <Filter>Bloodworks</Filter>
    </ClCompile>
    <ClCompile Include="source\Gun.cpp">
      <Filter>Bloodworks</Filter>
    </ClCompile>
    <ClCompile Include="source\MissionController.cpp">
      <Filter>Bloodworks</Filter>
    </ClCompile>
    <ClCompile Include="source\BloodRenderable.cpp">
      <Filter>Bloodworks</Filter>
    </ClCompile>
    <ClCompile Include="source\GameObject.cpp">
      <Filter>Bloodworks</Filter>
    </ClCompile>
    <ClCompile Include="source\LevelUpPopup.cpp">
      <Filter>Bloodworks</Filter>
    </ClCompile>
    <ClCompile Include="source\ExplosionController.cpp">
      <Filter>Bloodworks</Filter>
    </ClCompile>
    <ClCompile Include="source\DropController.cpp">
      <Filter>Bloodworks</Filter>
    </ClCompile>
    <ClCompile Include="source\BloodworksLuaWorld.cpp">
      <Filter>Bloodworks</Filter>
    </ClCompile>
    <ClCompile Include="source\LaserRenderable.cpp">
      <Filter>Bloodworks</Filter>
    </ClCompile>
    <ClCompile Include="source\MainMenu.cpp">
      <Filter>Bloodworks</Filter>
    </ClCompile>
    <ClCompile Include="source\cButton.cpp">
      <Filter>Coral\Renderable</Filter>
    </ClCompile>
    <ClCompile Include="source\Perk.cpp">
      <Filter>Bloodworks</Filter>
    </ClCompile>
    <ClCompile Include="source\cSoundManager.cpp">
      <Filter>Coral</Filter>
    </ClCompile>
    <ClCompile Include="source\StackWalker.cpp">
      <Filter>Coral\StackWalker</Filter>
    </ClCompile>
    <ClCompile Include="source\cTickBox.cpp">
      <Filter>Coral\Renderable</Filter>
    </ClCompile>
    <ClCompile Include="source\cSlider.cpp">
      <Filter>Coral\Renderable</Filter>
    </ClCompile>
    <ClCompile Include="source\OptionsPopup.cpp">
      <Filter>Bloodworks</Filter>
    </ClCompile>
    <ClCompile Include="source\cPersistent.cpp">
      <Filter>Coral</Filter>
    </ClCompile>
    <ClCompile Include="source\KeyMapper.cpp">
      <Filter>Coral</Filter>
    </ClCompile>
    <ClCompile Include="source\BloodworksControls.cpp">
      <Filter>Bloodworks</Filter>
    </ClCompile>
    <ClCompile Include="source\cKeyMapButton.cpp">
      <Filter>Coral\Renderable</Filter>
    </ClCompile>
    <ClCompile Include="source\cMath.cpp">
      <Filter>Coral\Math</Filter>
    </ClCompile>
    <ClCompile Include="source\cScrollContainer.cpp">
      <Filter>Coral\Renderable</Filter>
    </ClCompile>
    <ClCompile Include="source\cRenderableContainer.cpp">
      <Filter>Coral\Renderable</Filter>
    </ClCompile>
    <ClCompile Include="source\cRenderableWithShader.cpp">
      <Filter>Coral\Renderable</Filter>
    </ClCompile>
    <ClCompile Include="source\cTexturedQuadRenderable.cpp">
      <Filter>Coral\Renderable</Filter>
    </ClCompile>
    <ClCompile Include="source\cTextRenderable.cpp">
      <Filter>Coral\Renderable</Filter>
    </ClCompile>
    <ClCompile Include="source\MonsterTemplate.cpp">
      <Filter>Bloodworks</Filter>
    </ClCompile>
    <ClCompile Include="source\OneShotSoundManager.cpp">
      <Filter>Bloodworks</Filter>
    </ClCompile>
    <ClCompile Include="source\cParticle.cpp">
      <Filter>Coral\Renderable</Filter>
    </ClCompile>
    <ClCompile Include="source\cPostProcess.cpp">
      <Filter>Coral\Renderable</Filter>
    </ClCompile>
    <ClCompile Include="source\ModWindow.cpp">
      <Filter>Bloodworks</Filter>
    </ClCompile>
    <ClCompile Include="source\cSlave.cpp">
      <Filter>Coral</Filter>
    </ClCompile>
    <ClCompile Include="source\BloodworksConfig.cpp">
      <Filter>Bloodworks</Filter>
    </ClCompile>
    <ClCompile Include="source\BloodworksCheats.cpp">
      <Filter>Bloodworks</Filter>
    </ClCompile>
    <ClCompile Include="source\cTimeProfiler.cpp">
      <Filter>Coral</Filter>
    </ClCompile>
    <ClCompile Include="source\GroundRenderable.cpp">
      <Filter>Bloodworks</Filter>
    </ClCompile>
    <ClCompile Include="source\cAARect.cpp">
      <Filter>Coral\Math</Filter>
    </ClCompile>
    <ClCompile Include="source\CollisionController.cpp">
      <Filter>Bloodworks</Filter>
    </ClCompile>
    <ClCompile Include="source\cRect.cpp">
      <Filter>Coral\Math\shapes</Filter>
    </ClCompile>
    <ClCompile Include="source\cCircle.cpp">
      <Filter>Coral\Math\shapes</Filter>
    </ClCompile>
    <ClCompile Include="source\cCapsule.cpp">
      <Filter>Coral\Math</Filter>
    </ClCompile>
    <ClCompile Include="source\cShader.cpp">
      <Filter>Coral</Filter>
    </ClCompile>
    <ClCompile Include="source\Bonus.cpp">
      <Filter>Bloodworks</Filter>
    </ClCompile>
    <ClCompile Include="source\cTexture.cpp">
      <Filter>Coral</Filter>
    </ClCompile>
    <ClCompile Include="source\CrashReporterWindow.cpp">
      <Filter>Bloodworks</Filter>
    </ClCompile>
    <ClCompile Include="source\CreditsWindow.cpp">
      <Filter>Bloodworks</Filter>
    </ClCompile>
    <ClCompile Include="source\CustomGameWindow.cpp">
      <Filter>Bloodworks</Filter>
    </ClCompile>
    <ClCompile Include="source\cSharedPtr.cpp">
      <Filter>Coral</Filter>
    </ClCompile>
    <ClCompile Include="source\cMutex.cpp">
      <Filter>Coral</Filter>
    </ClCompile>
    <ClCompile Include="source\StripLaserRenderable.cpp">
      <Filter>Bloodworks</Filter>
    </ClCompile>
    <ClCompile Include="source\cSteam.cpp">
      <Filter>Coral</Filter>
    </ClCompile>
    <ClCompile Include="source\BloodworksSteam.cpp">
      <Filter>Bloodworks</Filter>
    </ClCompile>
    <ClCompile Include="source\PauseMenu.cpp">
      <Filter>Bloodworks</Filter>
    </ClCompile>
    <ClCompile Include="source\TutorialMenu.cpp">
      <Filter>Bloodworks</Filter>
    </ClCompile>
  </ItemGroup>
  <ItemGroup>
    <ClInclude Include="source\cVec.h">
      <Filter>Coral\Math</Filter>
    </ClInclude>
    <ClInclude Include="source\cVecImp.h">
      <Filter>Coral\Math</Filter>
    </ClInclude>
    <ClInclude Include="source\cMat.h">
      <Filter>Coral\Math</Filter>
    </ClInclude>
    <ClInclude Include="source\cGame.h">
      <Filter>Coral</Filter>
    </ClInclude>
    <ClInclude Include="source\cGlobals.h">
      <Filter>Coral</Filter>
    </ClInclude>
    <ClInclude Include="source\cInput.h">
      <Filter>Coral</Filter>
    </ClInclude>
    <ClInclude Include="source\Coral.h">
      <Filter>Coral</Filter>
    </ClInclude>
    <ClInclude Include="source\cTime.h">
      <Filter>Coral</Filter>
    </ClInclude>
    <ClInclude Include="source\cTools.h">
      <Filter>Coral</Filter>
    </ClInclude>
    <ClInclude Include="source\cShader.h">
      <Filter>Coral</Filter>
    </ClInclude>
    <ClInclude Include="source\cTexture.h">
      <Filter>Coral</Filter>
    </ClInclude>
    <ClInclude Include="source\cResources.h">
      <Filter>Coral</Filter>
    </ClInclude>
    <ClInclude Include="source\cSharedPtr.h">
      <Filter>Coral</Filter>
    </ClInclude>
    <ClInclude Include="source\Bloodworks.h">
      <Filter>Bloodworks</Filter>
    </ClInclude>
    <ClInclude Include="source\cRenderable.h">
      <Filter>Coral\Renderable</Filter>
    </ClInclude>
    <ClInclude Include="source\Player.h">
      <Filter>Bloodworks</Filter>
    </ClInclude>
    <ClInclude Include="source\cAnimatedRenderable.h">
      <Filter>Coral\Renderable</Filter>
    </ClInclude>
    <ClInclude Include="source\Monster.h">
      <Filter>Bloodworks</Filter>
    </ClInclude>
    <ClInclude Include="source\cFont.h">
      <Filter>Coral\Renderable</Filter>
    </ClInclude>
    <ClInclude Include="source\cDebugRenderable.h">
      <Filter>Coral\Renderable</Filter>
    </ClInclude>
    <ClInclude Include="source\cLuaWorld.h">
      <Filter>Coral\Lua</Filter>
    </ClInclude>
    <ClInclude Include="source\Sol.h">
      <Filter>Coral\Lua</Filter>
    </ClInclude>
    <ClInclude Include="source\json.h">
      <Filter>Coral</Filter>
    </ClInclude>
    <ClInclude Include="source\MonsterController.h">
      <Filter>Bloodworks</Filter>
    </ClInclude>
    <ClInclude Include="source\cGrid.h">
      <Filter>Coral</Filter>
    </ClInclude>
    <ClInclude Include="source\Array2d.h">
      <Filter>Coral</Filter>
    </ClInclude>
    <ClInclude Include="source\Bullet.h">
      <Filter>Bloodworks</Filter>
    </ClInclude>
    <ClInclude Include="source\Gun.h">
      <Filter>Bloodworks</Filter>
    </ClInclude>
    <ClInclude Include="source\BulletController.h">
      <Filter>Bloodworks</Filter>
    </ClInclude>
    <ClInclude Include="source\cPriorityVector.h">
      <Filter>Coral</Filter>
    </ClInclude>
    <ClInclude Include="source\MissionController.h">
      <Filter>Bloodworks</Filter>
    </ClInclude>
    <ClInclude Include="source\MonsterTemplate.h">
      <Filter>Bloodworks</Filter>
    </ClInclude>
    <ClInclude Include="source\BloodRenderable.h">
      <Filter>Bloodworks</Filter>
    </ClInclude>
    <ClInclude Include="source\GameObject.h">
      <Filter>Bloodworks</Filter>
    </ClInclude>
    <ClInclude Include="source\Perk.h">
      <Filter>Bloodworks</Filter>
    </ClInclude>
    <ClInclude Include="source\LevelUpPopup.h">
      <Filter>Bloodworks</Filter>
    </ClInclude>
    <ClInclude Include="source\ExplosionController.h">
      <Filter>Bloodworks</Filter>
    </ClInclude>
    <ClInclude Include="source\DropController.h">
      <Filter>Bloodworks</Filter>
    </ClInclude>
    <ClInclude Include="source\BloodworksLuaWorld.h">
      <Filter>Bloodworks</Filter>
    </ClInclude>
    <ClInclude Include="source\dirent.h">
      <Filter>Coral\dirent</Filter>
    </ClInclude>
    <ClInclude Include="source\DirentHelper.h">
      <Filter>Coral\dirent</Filter>
    </ClInclude>
    <ClInclude Include="source\LaserRenderable.h">
      <Filter>Bloodworks</Filter>
    </ClInclude>
    <ClInclude Include="source\cMath.h">
      <Filter>Coral\Math</Filter>
    </ClInclude>
    <ClInclude Include="source\cButton.h">
      <Filter>Coral\Renderable</Filter>
    </ClInclude>
    <ClInclude Include="source\MainMenu.h">
      <Filter>Bloodworks</Filter>
    </ClInclude>
    <ClInclude Include="source\cSoundManager.h">
      <Filter>Coral</Filter>
    </ClInclude>
    <ClInclude Include="source\cSound.h">
      <Filter>Coral</Filter>
    </ClInclude>
    <ClInclude Include="source\OneShotSoundManager.h">
      <Filter>Bloodworks</Filter>
    </ClInclude>
    <ClInclude Include="source\BuffFloat.h">
      <Filter>Bloodworks</Filter>
    </ClInclude>
    <ClInclude Include="source\LuaBuffController.h">
      <Filter>Bloodworks</Filter>
    </ClInclude>
    <ClInclude Include="source\StackWalker.h">
      <Filter>Coral\StackWalker</Filter>
    </ClInclude>
    <ClInclude Include="source\cTickBox.h">
      <Filter>Coral\Renderable</Filter>
    </ClInclude>
    <ClInclude Include="source\cSlider.h">
      <Filter>Coral\Renderable</Filter>
    </ClInclude>
    <ClInclude Include="source\OptionsPopup.h">
      <Filter>Bloodworks</Filter>
    </ClInclude>
    <ClInclude Include="source\cPersistent.h">
      <Filter>Coral</Filter>
    </ClInclude>
    <ClInclude Include="source\KeyMapper.h">
      <Filter>Coral</Filter>
    </ClInclude>
    <ClInclude Include="source\BloodworksControls.h">
      <Filter>Bloodworks</Filter>
    </ClInclude>
    <ClInclude Include="source\cKeyMapButton.h">
      <Filter>Coral\Renderable</Filter>
    </ClInclude>
    <ClInclude Include="source\cScrollContainer.h">
      <Filter>Coral\Renderable</Filter>
    </ClInclude>
    <ClInclude Include="source\cRenderableContainer.h">
      <Filter>Coral\Renderable</Filter>
    </ClInclude>
    <ClInclude Include="source\cRenderableWithShader.h">
      <Filter>Coral\Renderable</Filter>
    </ClInclude>
    <ClInclude Include="source\cTexturedQuadRenderable.h">
      <Filter>Coral\Renderable</Filter>
    </ClInclude>
    <ClInclude Include="source\cTextRenderable.h">
      <Filter>Coral\Renderable</Filter>
    </ClInclude>
    <ClInclude Include="source\cParticle.h">
      <Filter>Coral\Renderable</Filter>
    </ClInclude>
    <ClInclude Include="source\cPostProcess.h">
      <Filter>Coral\Renderable</Filter>
    </ClInclude>
    <ClInclude Include="source\cPackHelper.h">
      <Filter>Coral</Filter>
    </ClInclude>
    <ClInclude Include="source\UserDetails.h">
      <Filter>Bloodworks</Filter>
    </ClInclude>
    <ClInclude Include="source\ModWindow.h">
      <Filter>Bloodworks</Filter>
    </ClInclude>
    <ClInclude Include="source\cSlave.h">
      <Filter>Coral</Filter>
    </ClInclude>
    <ClInclude Include="source\cMutex.h">
      <Filter>Coral</Filter>
    </ClInclude>
    <ClInclude Include="source\cSlaveWork.h">
      <Filter>Coral</Filter>
    </ClInclude>
    <ClInclude Include="source\BloodworksConfig.h">
      <Filter>Bloodworks</Filter>
    </ClInclude>
    <ClInclude Include="source\BloodworksCheats.h">
      <Filter>Bloodworks</Filter>
    </ClInclude>
    <ClInclude Include="source\cTimeProfiler.h">
      <Filter>Coral</Filter>
    </ClInclude>
    <ClInclude Include="source\GroundRenderable.h">
      <Filter>Bloodworks</Filter>
    </ClInclude>
    <ClInclude Include="source\cAARect.h">
      <Filter>Coral\Math</Filter>
    </ClInclude>
    <ClInclude Include="source\cCircle.h">
      <Filter>Coral\Math\shapes</Filter>
    </ClInclude>
    <ClInclude Include="source\cRect.h">
      <Filter>Coral\Math\shapes</Filter>
    </ClInclude>
    <ClInclude Include="source\cBodyGrid.h">
      <Filter>Coral</Filter>
    </ClInclude>
    <ClInclude Include="source\cVector.h">
      <Filter>Coral</Filter>
    </ClInclude>
    <ClInclude Include="source\CollisionController.h">
      <Filter>Bloodworks</Filter>
    </ClInclude>
    <ClInclude Include="source\cCapsule.h">
      <Filter>Coral\Math\shapes</Filter>
    </ClInclude>
    <ClInclude Include="source\GameObjectTemplate.h">
      <Filter>Bloodworks</Filter>
    </ClInclude>
    <ClInclude Include="source\Bonus.h">
      <Filter>Bloodworks</Filter>
    </ClInclude>
    <ClInclude Include="source\CrashReporterWindow.h">
      <Filter>Bloodworks</Filter>
    </ClInclude>
    <ClInclude Include="source\CreditsWindow.h">
      <Filter>Bloodworks</Filter>
    </ClInclude>
    <ClInclude Include="source\CustomGameWindow.h">
      <Filter>Bloodworks</Filter>
    </ClInclude>
    <ClInclude Include="resource.h" />
    <ClInclude Include="source\StripLaserRenderable.h">
      <Filter>Bloodworks</Filter>
    </ClInclude>
    <ClInclude Include="source\cAnimationTemplate.h">
      <Filter>Coral</Filter>
    </ClInclude>
    <ClInclude Include="source\cSteam.h">
      <Filter>Coral</Filter>
    </ClInclude>
    <ClInclude Include="source\BloodworksSteam.h">
      <Filter>Bloodworks</Filter>
    </ClInclude>
    <ClInclude Include="source\PauseMenu.h">
      <Filter>Bloodworks</Filter>
    </ClInclude>
    <ClInclude Include="source\TutorialMenu.h">
      <Filter>Bloodworks</Filter>
    </ClInclude>
    <ClInclude Include="source\cDefines.h">
      <Filter>Coral</Filter>
    </ClInclude>
  </ItemGroup>
  <ItemGroup>
    <ResourceCompile Include="game.rc" />
  </ItemGroup>
  <ItemGroup>
    <Image Include="icon1.ico" />
  </ItemGroup>
</Project>